
Microsoft Visual Studio Solution File, Format Version 12.00
# Visual Studio Version 16
VisualStudioVersion = 16.0.30413.136
MinimumVisualStudioVersion = 10.0.40219.1
Project("{FAE04EC0-301F-11D3-BF4B-00C04F79EFBC}") = "PinnacleSample", "PinnacleSample\PinnacleSample.csproj", "{820CC7D7-0902-4E14-BC0C-268B1D86D29A}"
EndProject
Project("{FAE04EC0-301F-11D3-BF4B-00C04F79EFBC}") = "PinnacleSample.Tests", "PinnacleSample.Tests\PinnacleSample.Tests.csproj", "{FF4FEA39-24AD-4CC6-B61F-3925F988B2AD}"
EndProject
Global
	GlobalSection(SolutionConfigurationPlatforms) = preSolution
		Debug|Any CPU = Debug|Any CPU
		Release|Any CPU = Release|Any CPU
	EndGlobalSection
	GlobalSection(ProjectConfigurationPlatforms) = postSolution
		{820CC7D7-0902-4E14-BC0C-268B1D86D29A}.Debug|Any CPU.ActiveCfg = Debug|Any CPU
		{820CC7D7-0902-4E14-BC0C-268B1D86D29A}.Debug|Any CPU.Build.0 = Debug|Any CPU
		{820CC7D7-0902-4E14-BC0C-268B1D86D29A}.Release|Any CPU.ActiveCfg = Release|Any CPU
		{820CC7D7-0902-4E14-BC0C-268B1D86D29A}.Release|Any CPU.Build.0 = Release|Any CPU
		{FF4FEA39-24AD-4CC6-B61F-3925F988B2AD}.Debug|Any CPU.ActiveCfg = Debug|Any CPU
		{FF4FEA39-24AD-4CC6-B61F-3925F988B2AD}.Debug|Any CPU.Build.0 = Debug|Any CPU
		{FF4FEA39-24AD-4CC6-B61F-3925F988B2AD}.Release|Any CPU.ActiveCfg = Release|Any CPU
		{FF4FEA39-24AD-4CC6-B61F-3925F988B2AD}.Release|Any CPU.Build.0 = Release|Any CPU
	EndGlobalSection
	GlobalSection(SolutionProperties) = preSolution
		HideSolutionNode = FALSE
	EndGlobalSection
	GlobalSection(ExtensibilityGlobals) = postSolution
		SolutionGuid = {B21E1354-A5A4-4428-AAAB-026AEC9C4EDF}
	EndGlobalSection
EndGlobal
